// !$*UTF8*$!
{
	archiveVersion = 1;
	classes = {
	};
	objectVersion = 50;
	objects = {

/* Begin PBXBuildFile section */
		36A43BD52595174E00A4B32D /* AppDelegate.swift in Sources */ = {isa = PBXBuildFile; fileRef = 36A43BD42595174E00A4B32D /* AppDelegate.swift */; };
		36A43BD72595174E00A4B32D /* SceneDelegate.swift in Sources */ = {isa = PBXBuildFile; fileRef = 36A43BD62595174E00A4B32D /* SceneDelegate.swift */; };
		36A43BD92595174E00A4B32D /* ViewController.swift in Sources */ = {isa = PBXBuildFile; fileRef = 36A43BD82595174E00A4B32D /* ViewController.swift */; };
		36A43BDC2595174E00A4B32D /* Main.storyboard in Resources */ = {isa = PBXBuildFile; fileRef = 36A43BDA2595174E00A4B32D /* Main.storyboard */; };
		36A43BDE2595174F00A4B32D /* Assets.xcassets in Resources */ = {isa = PBXBuildFile; fileRef = 36A43BDD2595174F00A4B32D /* Assets.xcassets */; };
		36A43BE12595174F00A4B32D /* LaunchScreen.storyboard in Resources */ = {isa = PBXBuildFile; fileRef = 36A43BDF2595174F00A4B32D /* LaunchScreen.storyboard */; };
		36A43BF0259517C500A4B32D /* RGBiOSUtilities.swift in Sources */ = {isa = PBXBuildFile; fileRef = 36A43BEF259517C500A4B32D /* RGBiOSUtilities.swift */; };
		36A43BF2259517D800A4B32D /* RGBiOSUtilitiesBundle.swift in Sources */ = {isa = PBXBuildFile; fileRef = 36A43BF1259517D800A4B32D /* RGBiOSUtilitiesBundle.swift */; };
		36A43BF4259517E400A4B32D /* RGBiOSUtilitiesSandbox.swift in Sources */ = {isa = PBXBuildFile; fileRef = 36A43BF3259517E400A4B32D /* RGBiOSUtilitiesSandbox.swift */; };
		36A43BF6259518EE00A4B32D /* defaultbeer.csv in Resources */ = {isa = PBXBuildFile; fileRef = 36A43BF5259518EE00A4B32D /* defaultbeer.csv */; };
		36A43BF82595191700A4B32D /* Model.swift in Sources */ = {isa = PBXBuildFile; fileRef = 36A43BF72595191700A4B32D /* Model.swift */; };
		36A43BFA2595192200A4B32D /* Beer.swift in Sources */ = {isa = PBXBuildFile; fileRef = 36A43BF92595192200A4B32D /* Beer.swift */; };
/* End PBXBuildFile section */

/* Begin PBXFileReference section */
		36A43BD12595174E00A4B32D /* BeerManager.app */ = {isa = PBXFileReference; explicitFileType = wrapper.application; includeInIndex = 0; path = BeerManager.app; sourceTree = BUILT_PRODUCTS_DIR; };
		36A43BD42595174E00A4B32D /* AppDelegate.swift */ = {isa = PBXFileReference; lastKnownFileType = sourcecode.swift; path = AppDelegate.swift; sourceTree = "<group>"; };
		36A43BD62595174E00A4B32D /* SceneDelegate.swift */ = {isa = PBXFileReference; lastKnownFileType = sourcecode.swift; path = SceneDelegate.swift; sourceTree = "<group>"; };
		36A43BD82595174E00A4B32D /* ViewController.swift */ = {isa = PBXFileReference; lastKnownFileType = sourcecode.swift; path = ViewController.swift; sourceTree = "<group>"; };
		36A43BDB2595174E00A4B32D /* Base */ = {isa = PBXFileReference; lastKnownFileType = file.storyboard; name = Base; path = Base.lproj/Main.storyboard; sourceTree = "<group>"; };
		36A43BDD2595174F00A4B32D /* Assets.xcassets */ = {isa = PBXFileReference; lastKnownFileType = folder.assetcatalog; path = Assets.xcassets; sourceTree = "<group>"; };
		36A43BE02595174F00A4B32D /* Base */ = {isa = PBXFileReference; lastKnownFileType = file.storyboard; name = Base; path = Base.lproj/LaunchScreen.storyboard; sourceTree = "<group>"; };
		36A43BE22595174F00A4B32D /* Info.plist */ = {isa = PBXFileReference; lastKnownFileType = text.plist.xml; path = Info.plist; sourceTree = "<group>"; };
		36A43BEF259517C500A4B32D /* RGBiOSUtilities.swift */ = {isa = PBXFileReference; lastKnownFileType = sourcecode.swift; path = RGBiOSUtilities.swift; sourceTree = "<group>"; };
		36A43BF1259517D800A4B32D /* RGBiOSUtilitiesBundle.swift */ = {isa = PBXFileReference; lastKnownFileType = sourcecode.swift; path = RGBiOSUtilitiesBundle.swift; sourceTree = "<group>"; };
		36A43BF3259517E400A4B32D /* RGBiOSUtilitiesSandbox.swift */ = {isa = PBXFileReference; lastKnownFileType = sourcecode.swift; path = RGBiOSUtilitiesSandbox.swift; sourceTree = "<group>"; };
		36A43BF5259518EE00A4B32D /* defaultbeer.csv */ = {isa = PBXFileReference; fileEncoding = 4; lastKnownFileType = text; name = defaultbeer.csv; path = ../../../defaultbeer.csv; sourceTree = "<group>"; };
		36A43BF72595191700A4B32D /* Model.swift */ = {isa = PBXFileReference; lastKnownFileType = sourcecode.swift; path = Model.swift; sourceTree = "<group>"; };
		36A43BF92595192200A4B32D /* Beer.swift */ = {isa = PBXFileReference; lastKnownFileType = sourcecode.swift; path = Beer.swift; sourceTree = "<group>"; };
/* End PBXFileReference section */

/* Begin PBXFrameworksBuildPhase section */
		36A43BCE2595174E00A4B32D /* Frameworks */ = {
			isa = PBXFrameworksBuildPhase;
			buildActionMask = 2147483647;
			files = (
			);
			runOnlyForDeploymentPostprocessing = 0;
		};
/* End PBXFrameworksBuildPhase section */

/* Begin PBXGroup section */
		36A43BC82595174E00A4B32D = {
			isa = PBXGroup;
			children = (
				36A43BD32595174E00A4B32D /* BeerManager */,
				36A43BD22595174E00A4B32D /* Products */,
			);
			sourceTree = "<group>";
		};
		36A43BD22595174E00A4B32D /* Products */ = {
			isa = PBXGroup;
			children = (
				36A43BD12595174E00A4B32D /* BeerManager.app */,
			);
			name = Products;
			sourceTree = "<group>";
		};
		36A43BD32595174E00A4B32D /* BeerManager */ = {
			isa = PBXGroup;
			children = (
				36A43BF5259518EE00A4B32D /* defaultbeer.csv */,
				36A43BEE259517B600A4B32D /* RGB */,
				36A43BED259517A100A4B32D /* Storyboard */,
				36A43BEC2595179D00A4B32D /* Data */,
				36A43BE82595175600A4B32D /* Controller */,
				36A43BDD2595174F00A4B32D /* Assets.xcassets */,
				36A43BE22595174F00A4B32D /* Info.plist */,
			);
			path = BeerManager;
			sourceTree = "<group>";
		};
		36A43BE82595175600A4B32D /* Controller */ = {
			isa = PBXGroup;
			children = (
				36A43BD42595174E00A4B32D /* AppDelegate.swift */,
				36A43BD62595174E00A4B32D /* SceneDelegate.swift */,
				36A43BD82595174E00A4B32D /* ViewController.swift */,
			);
			name = Controller;
			sourceTree = "<group>";
		};
		36A43BEC2595179D00A4B32D /* Data */ = {
			isa = PBXGroup;
			children = (
				36A43BF72595191700A4B32D /* Model.swift */,
				36A43BF92595192200A4B32D /* Beer.swift */,
			);
			name = Data;
			sourceTree = "<group>";
		};
		36A43BED259517A100A4B32D /* Storyboard */ = {
			isa = PBXGroup;
			children = (
				36A43BDA2595174E00A4B32D /* Main.storyboard */,
				36A43BDF2595174F00A4B32D /* LaunchScreen.storyboard */,
			);
			name = Storyboard;
			sourceTree = "<group>";
		};
		36A43BEE259517B600A4B32D /* RGB */ = {
			isa = PBXGroup;
			children = (
				36A43BEF259517C500A4B32D /* RGBiOSUtilities.swift */,
				36A43BF1259517D800A4B32D /* RGBiOSUtilitiesBundle.swift */,
				36A43BF3259517E400A4B32D /* RGBiOSUtilitiesSandbox.swift */,
			);
			name = RGB;
			sourceTree = "<group>";
		};
/* End PBXGroup section */

/* Begin PBXNativeTarget section */
		36A43BD02595174E00A4B32D /* BeerManager */ = {
			isa = PBXNativeTarget;
			buildConfigurationList = 36A43BE52595174F00A4B32D /* Build configuration list for PBXNativeTarget "BeerManager" */;
			buildPhases = (
				36A43BCD2595174E00A4B32D /* Sources */,
				36A43BCE2595174E00A4B32D /* Frameworks */,
				36A43BCF2595174E00A4B32D /* Resources */,
			);
			buildRules = (
			);
			dependencies = (
			);
			name = BeerManager;
			productName = BeerManager;
			productReference = 36A43BD12595174E00A4B32D /* BeerManager.app */;
			productType = "com.apple.product-type.application";
		};
/* End PBXNativeTarget section */

/* Begin PBXProject section */
		36A43BC92595174E00A4B32D /* Project object */ = {
			isa = PBXProject;
			attributes = {
				LastSwiftUpdateCheck = 1130;
				LastUpgradeCheck = 1130;
				ORGANIZATIONNAME = " AlbaCruz";
				TargetAttributes = {
					36A43BD02595174E00A4B32D = {
						CreatedOnToolsVersion = 11.3.1;
					};
				};
			};
			buildConfigurationList = 36A43BCC2595174E00A4B32D /* Build configuration list for PBXProject "BeerManager" */;
			compatibilityVersion = "Xcode 9.3";
			developmentRegion = en;
			hasScannedForEncodings = 0;
			knownRegions = (
				en,
				Base,
			);
			mainGroup = 36A43BC82595174E00A4B32D;
			productRefGroup = 36A43BD22595174E00A4B32D /* Products */;
			projectDirPath = "";
			projectRoot = "";
			targets = (
				36A43BD02595174E00A4B32D /* BeerManager */,
			);
		};
/* End PBXProject section */

/* Begin PBXResourcesBuildPhase section */
		36A43BCF2595174E00A4B32D /* Resources */ = {
			isa = PBXResourcesBuildPhase;
			buildActionMask = 2147483647;
			files = (
				36A43BF6259518EE00A4B32D /* defaultbeer.csv in Resources */,
				36A43BE12595174F00A4B32D /* LaunchScreen.storyboard in Resources */,
				36A43BDE2595174F00A4B32D /* Assets.xcassets in Resources */,
				36A43BDC2595174E00A4B32D /* Main.storyboard in Resources */,
			);
			runOnlyForDeploymentPostprocessing = 0;
		};
/* End PBXResourcesBuildPhase section */

/* Begin PBXSourcesBuildPhase section */
		36A43BCD2595174E00A4B32D /* Sources */ = {
			isa = PBXSourcesBuildPhase;
			buildActionMask = 2147483647;
			files = (
				36A43BF82595191700A4B32D /* Model.swift in Sources */,
				36A43BD92595174E00A4B32D /* ViewController.swift in Sources */,
				36A43BD52595174E00A4B32D /* AppDelegate.swift in Sources */,
				36A43BFA2595192200A4B32D /* Beer.swift in Sources */,
				36A43BF2259517D800A4B32D /* RGBiOSUtilitiesBundle.swift in Sources */,
				36A43BF0259517C500A4B32D /* RGBiOSUtilities.swift in Sources */,
				36A43BF4259517E400A4B32D /* RGBiOSUtilitiesSandbox.swift in Sources */,
				36A43BD72595174E00A4B32D /* SceneDelegate.swift in Sources */,
			);
			runOnlyForDeploymentPostprocessing = 0;
		};
/* End PBXSourcesBuildPhase section */

/* Begin PBXVariantGroup section */
		36A43BDA2595174E00A4B32D /* Main.storyboard */ = {
			isa = PBXVariantGroup;
			children = (
				36A43BDB2595174E00A4B32D /* Base */,
			);
			name = Main.storyboard;
			sourceTree = "<group>";
		};
		36A43BDF2595174F00A4B32D /* LaunchScreen.storyboard */ = {
			isa = PBXVariantGroup;
			children = (
				36A43BE02595174F00A4B32D /* Base */,
			);
			name = LaunchScreen.storyboard;
			sourceTree = "<group>";
		};
/* End PBXVariantGroup section */

/* Begin XCBuildConfiguration section */
		36A43BE32595174F00A4B32D /* Debug */ = {
			isa = XCBuildConfiguration;
			buildSettings = {
				ALWAYS_SEARCH_USER_PATHS = NO;
				CLANG_ANALYZER_NONNULL = YES;
				CLANG_ANALYZER_NUMBER_OBJECT_CONVERSION = YES_AGGRESSIVE;
				CLANG_CXX_LANGUAGE_STANDARD = "gnu++14";
				CLANG_CXX_LIBRARY = "libc++";
				CLANG_ENABLE_MODULES = YES;
				CLANG_ENABLE_OBJC_ARC = YES;
				CLANG_ENABLE_OBJC_WEAK = YES;
				CLANG_WARN_BLOCK_CAPTURE_AUTORELEASING = YES;
				CLANG_WARN_BOOL_CONVERSION = YES;
				CLANG_WARN_COMMA = YES;
				CLANG_WARN_CONSTANT_CONVERSION = YES;
				CLANG_WARN_DEPRECATED_OBJC_IMPLEMENTATIONS = YES;
				CLANG_WARN_DIRECT_OBJC_ISA_USAGE = YES_ERROR;
				CLANG_WARN_DOCUMENTATION_COMMENTS = YES;
				CLANG_WARN_EMPTY_BODY = YES;
				CLANG_WARN_ENUM_CONVERSION = YES;
				CLANG_WARN_INFINITE_RECURSION = YES;
				CLANG_WARN_INT_CONVERSION = YES;
				CLANG_WARN_NON_LITERAL_NULL_CONVERSION = YES;
				CLANG_WARN_OBJC_IMPLICIT_RETAIN_SELF = YES;
				CLANG_WARN_OBJC_LITERAL_CONVERSION = YES;
				CLANG_WARN_OBJC_ROOT_CLASS = YES_ERROR;
				CLANG_WARN_RANGE_LOOP_ANALYSIS = YES;
				CLANG_WARN_STRICT_PROTOTYPES = YES;
				CLANG_WARN_SUSPICIOUS_MOVE = YES;
				CLANG_WARN_UNGUARDED_AVAILABILITY = YES_AGGRESSIVE;
				CLANG_WARN_UNREACHABLE_CODE = YES;
				CLANG_WARN__DUPLICATE_METHOD_MATCH = YES;
				COPY_PHASE_STRIP = NO;
				DEBUG_INFORMATION_FORMAT = dwarf;
				ENABLE_STRICT_OBJC_MSGSEND = YES;
				ENABLE_TESTABILITY = YES;
				GCC_C_LANGUAGE_STANDARD = gnu11;
				GCC_DYNAMIC_NO_PIC = NO;
				GCC_NO_COMMON_BLOCKS = YES;
				GCC_OPTIMIZATION_LEVEL = 0;
				GCC_PREPROCESSOR_DEFINITIONS = (
					"DEBUG=1",
					"$(inherited)",
				);
				GCC_WARN_64_TO_32_BIT_CONVERSION = YES;
				GCC_WARN_ABOUT_RETURN_TYPE = YES_ERROR;
				GCC_WARN_UNDECLARED_SELECTOR = YES;
				GCC_WARN_UNINITIALIZED_AUTOS = YES_AGGRESSIVE;
				GCC_WARN_UNUSED_FUNCTION = YES;
				GCC_WARN_UNUSED_VARIABLE = YES;
				IPHONEOS_DEPLOYMENT_TARGET = 13.2;
				MTL_ENABLE_DEBUG_INFO = INCLUDE_SOURCE;
				MTL_FAST_MATH = YES;
				ONLY_ACTIVE_ARCH = YES;
				SDKROOT = iphoneos;
				SWIFT_ACTIVE_COMPILATION_CONDITIONS = DEBUG;
				SWIFT_OPTIMIZATION_LEVEL = "-Onone";
			};
			name = Debug;
		};
		36A43BE42595174F00A4B32D /* Release */ = {
			isa = XCBuildConfiguration;
			buildSettings = {
				ALWAYS_SEARCH_USER_PATHS = NO;
				CLANG_ANALYZER_NONNULL = YES;
				CLANG_ANALYZER_NUMBER_OBJECT_CONVERSION = YES_AGGRESSIVE;
				CLANG_CXX_LANGUAGE_STANDARD = "gnu++14";
				CLANG_CXX_LIBRARY = "libc++";
				CLANG_ENABLE_MODULES = YES;
				CLANG_ENABLE_OBJC_ARC = YES;
				CLANG_ENABLE_OBJC_WEAK = YES;
				CLANG_WARN_BLOCK_CAPTURE_AUTORELEASING = YES;
				CLANG_WARN_BOOL_CONVERSION = YES;
				CLANG_WARN_COMMA = YES;
				CLANG_WARN_CONSTANT_CONVERSION = YES;
				CLANG_WARN_DEPRECATED_OBJC_IMPLEMENTATIONS = YES;
				CLANG_WARN_DIRECT_OBJC_ISA_USAGE = YES_ERROR;
				CLANG_WARN_DOCUMENTATION_COMMENTS = YES;
				CLANG_WARN_EMPTY_BODY = YES;
				CLANG_WARN_ENUM_CONVERSION = YES;
				CLANG_WARN_INFINITE_RECURSION = YES;
				CLANG_WARN_INT_CONVERSION = YES;
				CLANG_WARN_NON_LITERAL_NULL_CONVERSION = YES;
				CLANG_WARN_OBJC_IMPLICIT_RETAIN_SELF = YES;
				CLANG_WARN_OBJC_LITERAL_CONVERSION = YES;
				CLANG_WARN_OBJC_ROOT_CLASS = YES_ERROR;
				CLANG_WARN_RANGE_LOOP_ANALYSIS = YES;
				CLANG_WARN_STRICT_PROTOTYPES = YES;
				CLANG_WARN_SUSPICIOUS_MOVE = YES;
				CLANG_WARN_UNGUARDED_AVAILABILITY = YES_AGGRESSIVE;
				CLANG_WARN_UNREACHABLE_CODE = YES;
				CLANG_WARN__DUPLICATE_METHOD_MATCH = YES;
				COPY_PHASE_STRIP = NO;
				DEBUG_INFORMATION_FORMAT = "dwarf-with-dsym";
				ENABLE_NS_ASSERTIONS = NO;
				ENABLE_STRICT_OBJC_MSGSEND = YES;
				GCC_C_LANGUAGE_STANDARD = gnu11;
				GCC_NO_COMMON_BLOCKS = YES;
				GCC_WARN_64_TO_32_BIT_CONVERSION = YES;
				GCC_WARN_ABOUT_RETURN_TYPE = YES_ERROR;
				GCC_WARN_UNDECLARED_SELECTOR = YES;
				GCC_WARN_UNINITIALIZED_AUTOS = YES_AGGRESSIVE;
				GCC_WARN_UNUSED_FUNCTION = YES;
				GCC_WARN_UNUSED_VARIABLE = YES;
				IPHONEOS_DEPLOYMENT_TARGET = 13.2;
				MTL_ENABLE_DEBUG_INFO = NO;
				MTL_FAST_MATH = YES;
				SDKROOT = iphoneos;
				SWIFT_COMPILATION_MODE = wholemodule;
				SWIFT_OPTIMIZATION_LEVEL = "-O";
				VALIDATE_PRODUCT = YES;
			};
			name = Release;
		};
		36A43BE62595174F00A4B32D /* Debug */ = {
			isa = XCBuildConfiguration;
			buildSettings = {
				ASSETCATALOG_COMPILER_APPICON_NAME = AppIcon;
				CODE_SIGN_STYLE = Automatic;
				DEVELOPMENT_TEAM = D9ZBG9GN9F;
				INFOPLIST_FILE = BeerManager/Info.plist;
				LD_RUNPATH_SEARCH_PATHS = (
					"$(inherited)",
					"@executable_path/Frameworks",
				);
				PRODUCT_BUNDLE_IDENTIFIER = com.usal.fis.BeerManager;
				PRODUCT_NAME = "$(TARGET_NAME)";
				SWIFT_VERSION = 5.0;
				TARGETED_DEVICE_FAMILY = "1,2";
			};
			name = Debug;
		};
		36A43BE72595174F00A4B32D /* Release */ = {
			isa = XCBuildConfiguration;
			buildSettings = {
				ASSETCATALOG_COMPILER_APPICON_NAME = AppIcon;
				CODE_SIGN_STYLE = Automatic;
				DEVELOPMENT_TEAM = D9ZBG9GN9F;
				INFOPLIST_FILE = BeerManager/Info.plist;
				LD_RUNPATH_SEARCH_PATHS = (
					"$(inherited)",
					"@executable_path/Frameworks",
				);
				PRODUCT_BUNDLE_IDENTIFIER = com.usal.fis.BeerManager;
				PRODUCT_NAME = "$(TARGET_NAME)";
				SWIFT_VERSION = 5.0;
				TARGETED_DEVICE_FAMILY = "1,2";
			};
			name = Release;
		};
/* End XCBuildConfiguration section */

/* Begin XCConfigurationList section */
		36A43BCC2595174E00A4B32D /* Build configuration list for PBXProject "BeerManager" */ = {
			isa = XCConfigurationList;
			buildConfigurations = (
				36A43BE32595174F00A4B32D /* Debug */,
				36A43BE42595174F00A4B32D /* Release */,
			);
			defaultConfigurationIsVisible = 0;
			defaultConfigurationName = Release;
		};
		36A43BE52595174F00A4B32D /* Build configuration list for PBXNativeTarget "BeerManager" */ = {
			isa = XCConfigurationList;
			buildConfigurations = (
				36A43BE62595174F00A4B32D /* Debug */,
				36A43BE72595174F00A4B32D /* Release */,
			);
			defaultConfigurationIsVisible = 0;
			defaultConfigurationName = Release;
		};
/* End XCConfigurationList section */
	};
	rootObject = 36A43BC92595174E00A4B32D /* Project object */;
}
